
Microsoft Visual Studio Solution File, Format Version 12.00
# Visual Studio 15
VisualStudioVersion = 15.0.26730.16
MinimumVisualStudioVersion = 10.0.40219.1
Project("{9A19103F-16F7-4668-BE54-9A1E7A4F7556}") = "BehaveBot", "TournaBot\BehaveBot.csproj", "{F65CA70F-531C-4246-930D-B3767C74A110}"
EndProject
Global
	GlobalSection(SolutionConfigurationPlatforms) = preSolution
		Debug|Any CPU = Debug|Any CPU
		Release|Any CPU = Release|Any CPU
	EndGlobalSection
	GlobalSection(ProjectConfigurationPlatforms) = postSolution
		{F65CA70F-531C-4246-930D-B3767C74A110}.Debug|Any CPU.ActiveCfg = Debug|Any CPU
		{F65CA70F-531C-4246-930D-B3767C74A110}.Debug|Any CPU.Build.0 = Debug|Any CPU
		{F65CA70F-531C-4246-930D-B3767C74A110}.Release|Any CPU.ActiveCfg = Release|Any CPU
		{F65CA70F-531C-4246-930D-B3767C74A110}.Release|Any CPU.Build.0 = Release|Any CPU
	EndGlobalSection
	GlobalSection(SolutionProperties) = preSolution
		HideSolutionNode = FALSE
	EndGlobalSection
	GlobalSection(ExtensibilityGlobals) = postSolution
		SolutionGuid = {06101047-4F28-4B8A-9F39-391A8A7F32B5}
	EndGlobalSection
EndGlobal
